
Microsoft Visual Studio Solution File, Format Version 12.00
# Visual Studio 15
VisualStudioVersion = 15.0.28307.421
MinimumVisualStudioVersion = 10.0.40219.1
Project("{FAE04EC0-301F-11D3-BF4B-00C04F79EFBC}") = "api.busgarage.com.mx", "api.busgarage.com.mx\api.busgarage.com.mx.csproj", "{0D2C068F-820D-4E34-BEB4-100283867E12}"
EndProject
Project("{FAE04EC0-301F-11D3-BF4B-00C04F79EFBC}") = "UnitTests", "UnitTests\UnitTests.csproj", "{AE6100E6-2728-4D53-8F8C-7F6248C501B9}"
EndProject
Global
	GlobalSection(SolutionConfigurationPlatforms) = preSolution
		Debug|Any CPU = Debug|Any CPU
		Release|Any CPU = Release|Any CPU
	EndGlobalSection
	GlobalSection(ProjectConfigurationPlatforms) = postSolution
		{0D2C068F-820D-4E34-BEB4-100283867E12}.Debug|Any CPU.ActiveCfg = Debug|Any CPU
		{0D2C068F-820D-4E34-BEB4-100283867E12}.Debug|Any CPU.Build.0 = Debug|Any CPU
		{0D2C068F-820D-4E34-BEB4-100283867E12}.Release|Any CPU.ActiveCfg = Release|Any CPU
		{0D2C068F-820D-4E34-BEB4-100283867E12}.Release|Any CPU.Build.0 = Release|Any CPU
		{AE6100E6-2728-4D53-8F8C-7F6248C501B9}.Debug|Any CPU.ActiveCfg = Debug|Any CPU
		{AE6100E6-2728-4D53-8F8C-7F6248C501B9}.Debug|Any CPU.Build.0 = Debug|Any CPU
		{AE6100E6-2728-4D53-8F8C-7F6248C501B9}.Release|Any CPU.ActiveCfg = Release|Any CPU
		{AE6100E6-2728-4D53-8F8C-7F6248C501B9}.Release|Any CPU.Build.0 = Release|Any CPU
	EndGlobalSection
	GlobalSection(SolutionProperties) = preSolution
		HideSolutionNode = FALSE
	EndGlobalSection
	GlobalSection(ExtensibilityGlobals) = postSolution
		SolutionGuid = {E94EBF79-9CD6-4788-8E4E-9AEF921A622E}
	EndGlobalSection
EndGlobal
